{
  "name": "lesson5",
  "version": "1.0.0",
  "lockfileVersion": 2,
  "requires": true,
  "packages": {
    "": {
      "name": "lesson5",
      "version": "1.0.0",
      "license": "ISC",
      "dependencies": {
        "random-fruits-name": "^1.9.3"
      }
    },
    "node_modules/random-fruits-name": {
      "version": "1.9.3",
      "resolved": "https://registry.npmjs.org/random-fruits-name/-/random-fruits-name-1.9.3.tgz",
      "integrity": "sha512-pXa+nGmQEEOa+bQm27dOhaAoJTieJvLqt/KMIBL03Wij1vytAYN8sWSwWXdAeNw87UomlW+JRWStyVBfLIv4xA=="
    }
  },
  "dependencies": {
    "random-fruits-name": {
      "version": "1.9.3",
      "resolved": "https://registry.npmjs.org/random-fruits-name/-/random-fruits-name-1.9.3.tgz",
      "integrity": "sha512-pXa+nGmQEEOa+bQm27dOhaAoJTieJvLqt/KMIBL03Wij1vytAYN8sWSwWXdAeNw87UomlW+JRWStyVBfLIv4xA=="
    }
  }
}
